<?xml version="1.0" encoding="utf-8"?>
<Project ToolsVersion="4.0" xmlns="http://schemas.microsoft.com/developer/msbuild/2003">
  <ItemGroup>
    <ClCompile Include="include\sdk\interfaces\IClientRenderable.h" />
    <ClCompile Include="src\dllmain.cpp" />
    <ClCompile Include="src\features\bhop.cpp" />
    <ClCompile Include="src\features\glow.cpp" />
    <ClCompile Include="src\features\chams.cpp" />
    <ClCompile Include="src\features\skinchanger.cpp" />
    <ClCompile Include="src\hooks.cpp" />
    <ClCompile Include="src\sdk\interfaces.cpp" />
    <ClCompile Include="src\sdk\netvars.cpp" />
    <ClCompile Include="src\utils.cpp" />
    <ClCompile Include="src\vmthook.cpp" />
    <ClCompile Include="src\gui\gui.cpp" />
  </ItemGroup>
  <ItemGroup>
    <ClInclude Include="include\features\bhop.h" />
    <ClInclude Include="include\features\chams.h" />
    <ClInclude Include="include\features\skinchanger.h" />
    <ClInclude Include="include\features\glow.h" />
    <ClInclude Include="include\hooks.h" />
    <ClInclude Include="include\sdk\classes\CGlowObjectManager.h" />
    <ClInclude Include="include\sdk\classes\CUserCmd.h" />
    <ClInclude Include="include\sdk\classes\C_BaseCombatWeapon.h" />
    <ClInclude Include="include\sdk\classes\C_BaseEntity.h" />
    <ClInclude Include="include\sdk\classes\C_BasePlayer.h" />
    <ClInclude Include="include\sdk\classes\C_PredictedViewModel.h" />
    <ClInclude Include="include\sdk\classes\QAngle.h" />
    <ClInclude Include="include\sdk\classes\Vector.h" />
    <ClInclude Include="include\sdk\interfaces\IAppSystem.h" />
    <ClInclude Include="include\sdk\interfaces\IMaterial.h" />
    <ClInclude Include="include\sdk\interfaces\IMaterialSystem.h" />
    <ClInclude Include="include\sdk\interfaces\IStudioRender.h" />
    <ClInclude Include="include\sdk\interfaces\IVModelInfo.h" />
    <ClInclude Include="include\sdk\interfaces\IVModelRender.h" />
    <ClInclude Include="include\sdk\netvars.h" />
    <ClInclude Include="include\sdk\interfaces.h" />
    <ClInclude Include="include\sdk\common.h" />
    <ClInclude Include="include\sdk\interfaces\IBaseClientDLL.h" />
    <ClInclude Include="include\sdk\interfaces\IClientEntity.h" />
    <ClInclude Include="include\sdk\interfaces\IClientEntityList.h" />
    <ClInclude Include="include\sdk\interfaces\IClientMode.h" />
    <ClInclude Include="include\sdk\interfaces\IClientNetworkable.h" />
    <ClInclude Include="include\sdk\interfaces\IClientThinkable.h" />
    <ClInclude Include="include\sdk\interfaces\IClientUnknown.h" />
    <ClInclude Include="include\sdk\interfaces\IHandleEntity.h" />
    <ClInclude Include="include\utils.h" />
    <ClInclude Include="include\vmthook.h" />
    <ClInclude Include="include\gui\gui.h" />
    <ClInclude Include="include\gui\guiControl.h" />
  </ItemGroup>
</Project>